{
  "originHash" : "b9247bfd327c7e2daac159c92ba81772cf79220bc15e7fc0c3544804b72f4720",
  "pins" : [
    {
      "identity" : "networkimage",
      "kind" : "remoteSourceControl",
      "location" : "https://github.com/gonzalezreal/NetworkImage",
      "state" : {
        "revision" : "2849f5323265386e200484b0d0f896e73c3411b9",
        "version" : "6.0.1"
      }
    },
    {
      "identity" : "swift-cmark",
      "kind" : "remoteSourceControl",
      "location" : "https://github.com/swiftlang/swift-cmark",
      "state" : {
        "revision" : "3ccff77b2dc5b96b77db3da0d68d28068593fa53",
        "version" : "0.5.0"
      }
    },
    {
      "identity" : "swift-markdown-ui",
      "kind" : "remoteSourceControl",
      "location" : "https://github.com/gonzalezreal/swift-markdown-ui",
      "state" : {
        "revision" : "5f613358148239d0292c0cef674a3c2314737f9e",
        "version" : "2.4.1"
      }
    },
    {
      "identity" : "transcriber",
      "kind" : "remoteSourceControl",
      "location" : "https://github.com/Compiler-Inc/Transcriber",
      "state" : {
        "branch" : "main",
        "revision" : "61d081353d3feec2f338ad2e78930363e917a215"
      }
    }
  ],
  "version" : 3
}
